{
  "name": "i18njs",
  "version": "1.0.0",
  "lockfileVersion": 1,
  "requires": true,
  "dependencies": {
    "i18n-js": {
      "version": "3.0.11",
      "resolved": "http://registry.npm.taobao.org/i18n-js/download/i18n-js-3.0.11.tgz",
      "integrity": "sha1-+elr22QcW51r4SdZ18QiCJmH7wI="
    },
    "i18next": {
      "version": "11.6.0",
      "resolved": "http://registry.npm.taobao.org/i18next/download/i18next-11.6.0.tgz",
      "integrity": "sha1-4AR6o+OgCA9vMYQm+QWXy7DW3dU="
    }
  }
}
