{
  "name": "nodetest",
  "version": "1.0.0",
  "lockfileVersion": 1,
  "requires": true,
  "dependencies": {
    "currency.js": {
      "version": "1.1.4",
      "resolved": "http://registry.npm.taobao.org/currency.js/download/currency.js-1.1.4.tgz",
      "integrity": "sha1-t3IHHgUBoOkmvaBFamgoYxzry7U="
    },
    "dinero.js": {
      "version": "1.4.0",
      "resolved": "http://registry.npm.taobao.org/dinero.js/download/dinero.js-1.4.0.tgz",
      "integrity": "sha1-U2FOw0PjsjJfyhDmWJdWl7Hzz6Y="
    },
    "eventemitter2": {
      "version": "1.0.0",
      "resolved": "https://registry.npmjs.org/eventemitter2/-/eventemitter2-1.0.0.tgz",
      "integrity": "sha1-8JHyp0bSNTonx1ir9b7WQqyMWC0="
    },
    "moment": {
      "version": "2.22.2",
      "resolved": "http://registry.npm.taobao.org/moment/download/moment-2.22.2.tgz",
      "integrity": "sha1-PCV/mDn8DpP/UxSWMiOeuQeD/2Y="
    },
    "qs": {
      "version": "6.2.1",
      "resolved": "https://registry.npmjs.org/qs/-/qs-6.2.1.tgz",
      "integrity": "sha1-zgPF/wk1vB2daanxTL0Y5WjWdiU="
    }
  }
}
