# THIS IS AN AUTOGENERATED FILE. DO NOT EDIT THIS FILE DIRECTLY.
# yarn lockfile v1


"@assemblyscript/loader@^0.13.2":
  version "0.13.2"
  resolved "https://registry.npm.taobao.org/@assemblyscript/loader/download/@assemblyscript/loader-0.13.2.tgz#8f767eb5a054439ab65e330b08f28cbb96abeaae"
  integrity sha1-j3Z+taBUQ5q2XjMLCPKMu5ar6q4=

assemblyscript@^0.13.2:
  version "0.13.2"
  resolved "https://registry.npm.taobao.org/assemblyscript/download/assemblyscript-0.13.2.tgz#3d6787379b4fdd5fd6025061569ab58532057829"
  integrity sha1-PWeHN5tP3V/WAlBhVpq1hTIFeCk=
  dependencies:
    binaryen "93.0.0-nightly.20200609"
    long "^4.0.0"

binaryen@93.0.0-nightly.20200609:
  version "93.0.0-nightly.20200609"
  resolved "https://registry.npm.taobao.org/binaryen/download/binaryen-93.0.0-nightly.20200609.tgz#e7c9211911c0cff94b8682e895e4de630f110cd5"
  integrity sha1-58khGRHAz/lLhoLoleTeYw8RDNU=

long@^4.0.0:
  version "4.0.0"
  resolved "https://registry.npm.taobao.org/long/download/long-4.0.0.tgz#9a7b71cfb7d361a194ea555241c92f7468d5bf28"
  integrity sha1-mntxz7fTYaGU6lVSQckvdGjVvyg=
